
Microsoft Visual Studio Solution File, Format Version 12.00
# Visual Studio Version 17
VisualStudioVersion = 17.14.36202.13
MinimumVisualStudioVersion = 10.0.40219.1
Project("{2150E333-8FDC-42A3-9474-1A3956D46DE8}") = "Documentation", "Documentation", "{02EA681E-C7D8-13C7-8484-4AC65E1B71E8}"
	ProjectSection(SolutionItems) = preProject
		Documentation\KironTest.bak = Documentation\KironTest.bak
		Documentation\Senior Backend Developer Assessment.pdf = Documentation\Senior Backend Developer Assessment.pdf
	EndProjectSection
EndProject
Project("{2150E333-8FDC-42A3-9474-1A3956D46DE8}") = "Src", "Src", "{92117717-64F5-40FA-B867-0DC0B8A7B287}"
EndProject
Project("{2150E333-8FDC-42A3-9474-1A3956D46DE8}") = "Solution Items", "Solution Items", "{E3B473B7-EF5E-435B-838D-63C40B99EC5E}"
	ProjectSection(SolutionItems) = preProject
		.gitattributes = .gitattributes
		.gitignore = .gitignore
		Directory.Build.props = Directory.Build.props
	EndProjectSection
EndProject
Project("{2150E333-8FDC-42A3-9474-1A3956D46DE8}") = "Common", "Common", "{1AA9360A-8898-45B4-B365-8432987A3E42}"
EndProject
Project("{FAE04EC0-301F-11D3-BF4B-00C04F79EFBC}") = "DatabaseLayer.Dapper", "Applications\Common\DatabaseLayer.Dapper\DatabaseLayer.Dapper.csproj", "{D57D679B-96C7-4ACE-9C4D-21336361BC02}"
EndProject
Project("{FAE04EC0-301F-11D3-BF4B-00C04F79EFBC}") = "Logger", "Applications\Common\Logger\Logger.csproj", "{2BA63A8B-00A2-34C1-9B58-7C81FCD1F40E}"
EndProject
Project("{FAE04EC0-301F-11D3-BF4B-00C04F79EFBC}") = "Core", "Applications\Common\Core\Core.csproj", "{C3859CE7-7352-4907-A2C6-9E5B2680D064}"
EndProject
Project("{FAE04EC0-301F-11D3-BF4B-00C04F79EFBC}") = "DatabaseLayer.Custom", "Applications\Common\DatabaseLayer.Custom\DatabaseLayer.Custom.csproj", "{0F6F7F4D-130B-569D-B9ED-1FAEB81D04AB}"
EndProject
Project("{FAE04EC0-301F-11D3-BF4B-00C04F79EFBC}") = "DebugTester", "Applications\DebugTester\DebugTester.csproj", "{3F57E97C-F085-9DFB-327D-2559E82AB366}"
EndProject
Global
	GlobalSection(SolutionConfigurationPlatforms) = preSolution
		Debug|Any CPU = Debug|Any CPU
		Release|Any CPU = Release|Any CPU
	EndGlobalSection
	GlobalSection(ProjectConfigurationPlatforms) = postSolution
		{D57D679B-96C7-4ACE-9C4D-21336361BC02}.Debug|Any CPU.ActiveCfg = Debug|Any CPU
		{D57D679B-96C7-4ACE-9C4D-21336361BC02}.Debug|Any CPU.Build.0 = Debug|Any CPU
		{D57D679B-96C7-4ACE-9C4D-21336361BC02}.Release|Any CPU.ActiveCfg = Release|Any CPU
		{D57D679B-96C7-4ACE-9C4D-21336361BC02}.Release|Any CPU.Build.0 = Release|Any CPU
		{2BA63A8B-00A2-34C1-9B58-7C81FCD1F40E}.Debug|Any CPU.ActiveCfg = Debug|Any CPU
		{2BA63A8B-00A2-34C1-9B58-7C81FCD1F40E}.Debug|Any CPU.Build.0 = Debug|Any CPU
		{2BA63A8B-00A2-34C1-9B58-7C81FCD1F40E}.Release|Any CPU.ActiveCfg = Release|Any CPU
		{2BA63A8B-00A2-34C1-9B58-7C81FCD1F40E}.Release|Any CPU.Build.0 = Release|Any CPU
		{C3859CE7-7352-4907-A2C6-9E5B2680D064}.Debug|Any CPU.ActiveCfg = Debug|Any CPU
		{C3859CE7-7352-4907-A2C6-9E5B2680D064}.Debug|Any CPU.Build.0 = Debug|Any CPU
		{C3859CE7-7352-4907-A2C6-9E5B2680D064}.Release|Any CPU.ActiveCfg = Release|Any CPU
		{C3859CE7-7352-4907-A2C6-9E5B2680D064}.Release|Any CPU.Build.0 = Release|Any CPU
		{0F6F7F4D-130B-569D-B9ED-1FAEB81D04AB}.Debug|Any CPU.ActiveCfg = Debug|Any CPU
		{0F6F7F4D-130B-569D-B9ED-1FAEB81D04AB}.Debug|Any CPU.Build.0 = Debug|Any CPU
		{0F6F7F4D-130B-569D-B9ED-1FAEB81D04AB}.Release|Any CPU.ActiveCfg = Release|Any CPU
		{0F6F7F4D-130B-569D-B9ED-1FAEB81D04AB}.Release|Any CPU.Build.0 = Release|Any CPU
		{3F57E97C-F085-9DFB-327D-2559E82AB366}.Debug|Any CPU.ActiveCfg = Debug|Any CPU
		{3F57E97C-F085-9DFB-327D-2559E82AB366}.Debug|Any CPU.Build.0 = Debug|Any CPU
		{3F57E97C-F085-9DFB-327D-2559E82AB366}.Release|Any CPU.ActiveCfg = Release|Any CPU
		{3F57E97C-F085-9DFB-327D-2559E82AB366}.Release|Any CPU.Build.0 = Release|Any CPU
	EndGlobalSection
	GlobalSection(SolutionProperties) = preSolution
		HideSolutionNode = FALSE
	EndGlobalSection
	GlobalSection(NestedProjects) = preSolution
		{1AA9360A-8898-45B4-B365-8432987A3E42} = {92117717-64F5-40FA-B867-0DC0B8A7B287}
		{D57D679B-96C7-4ACE-9C4D-21336361BC02} = {1AA9360A-8898-45B4-B365-8432987A3E42}
		{2BA63A8B-00A2-34C1-9B58-7C81FCD1F40E} = {1AA9360A-8898-45B4-B365-8432987A3E42}
		{C3859CE7-7352-4907-A2C6-9E5B2680D064} = {1AA9360A-8898-45B4-B365-8432987A3E42}
		{0F6F7F4D-130B-569D-B9ED-1FAEB81D04AB} = {1AA9360A-8898-45B4-B365-8432987A3E42}
		{3F57E97C-F085-9DFB-327D-2559E82AB366} = {92117717-64F5-40FA-B867-0DC0B8A7B287}
	EndGlobalSection
	GlobalSection(ExtensibilityGlobals) = postSolution
		SolutionGuid = {F86174BA-35AC-4607-AB9B-D489EE3F2E68}
	EndGlobalSection
EndGlobal
